
Microsoft Visual Studio Solution File, Format Version 12.00
# Visual Studio 15
VisualStudioVersion = 15.0.28307.1000
MinimumVisualStudioVersion = 10.0.40219.1
Project("{FAE04EC0-301F-11D3-BF4B-00C04F79EFBC}") = "Share", "Share\Share.csproj", "{CA891B65-2479-4C04-8C79-1AD6D720C1CD}"
EndProject
Global
	GlobalSection(SolutionConfigurationPlatforms) = preSolution
		Debug|Any CPU = Debug|Any CPU
		Release|Any CPU = Release|Any CPU
	EndGlobalSection
	GlobalSection(ProjectConfigurationPlatforms) = postSolution
		{CA891B65-2479-4C04-8C79-1AD6D720C1CD}.Debug|Any CPU.ActiveCfg = Debug|Any CPU
		{CA891B65-2479-4C04-8C79-1AD6D720C1CD}.Debug|Any CPU.Build.0 = Debug|Any CPU
		{CA891B65-2479-4C04-8C79-1AD6D720C1CD}.Release|Any CPU.ActiveCfg = Release|Any CPU
		{CA891B65-2479-4C04-8C79-1AD6D720C1CD}.Release|Any CPU.Build.0 = Release|Any CPU
	EndGlobalSection
	GlobalSection(SolutionProperties) = preSolution
		HideSolutionNode = FALSE
	EndGlobalSection
	GlobalSection(ExtensibilityGlobals) = postSolution
		SolutionGuid = {DC1C2D8E-FBF1-46E1-AD03-BFF699F04B73}
	EndGlobalSection
EndGlobal
